
Microsoft Visual Studio Solution File, Format Version 12.00
# Visual Studio Version 16
VisualStudioVersion = 16.0.30517.126
MinimumVisualStudioVersion = 10.0.40219.1
Project("{FAE04EC0-301F-11D3-BF4B-00C04F79EFBC}") = "Race_Simulator_C_Sharp_(VS)", "Race_Simulator_C_Sharp_(VS).csproj", "{98F8F8E4-3456-425E-9FF4-D6DFE99A1267}"
EndProject
Global
	GlobalSection(SolutionConfigurationPlatforms) = preSolution
		Debug|Any CPU = Debug|Any CPU
		Release|Any CPU = Release|Any CPU
	EndGlobalSection
	GlobalSection(ProjectConfigurationPlatforms) = postSolution
		{98F8F8E4-3456-425E-9FF4-D6DFE99A1267}.Debug|Any CPU.ActiveCfg = Debug|Any CPU
		{98F8F8E4-3456-425E-9FF4-D6DFE99A1267}.Debug|Any CPU.Build.0 = Debug|Any CPU
		{98F8F8E4-3456-425E-9FF4-D6DFE99A1267}.Release|Any CPU.ActiveCfg = Release|Any CPU
		{98F8F8E4-3456-425E-9FF4-D6DFE99A1267}.Release|Any CPU.Build.0 = Release|Any CPU
	EndGlobalSection
	GlobalSection(SolutionProperties) = preSolution
		HideSolutionNode = FALSE
	EndGlobalSection
	GlobalSection(ExtensibilityGlobals) = postSolution
		SolutionGuid = {B9FD12A0-EC76-4B43-A851-5EBC8A3BB036}
	EndGlobalSection
EndGlobal
